<Solution>
  <Configurations>
    <!-- x64 only. SDL3 is vendored for x64 and PLAN.md scopes the project
         to it; a Win32 configuration could never link. The platform name
         must match the vcxproj exactly, or VS silently builds a different
         configuration than the toolbar shows. -->
    <Platform Name="x64" />
  </Configurations>
  <!-- One project, three executables. GunBrosRe.vcxproj rebuilds itself with
       GbProduct=Viewer and, in Debug, GbProduct=Tests, so a plain Build here
       produces GunBrosRe.exe, GunBrosViewer.exe and GunBrosTests.exe. -->
  <Project Path="GunBrosRe.vcxproj" Id="1286f032-5e38-4e0d-a240-9e36ae2fdc4c" />
</Solution>
